
Microsoft Visual Studio Solution File, Format Version 9.00
# Visual Studio 2005
Project("{FAE04EC0-301F-11D3-BF4B-00C04F79EFBC}") = "CoreBankingSwicth", "CoreBankingSwicth\CoreBankingSwicth.csproj", "{F4B66993-7E79-42EF-8E57-F60B30D72B64}"
EndProject
Project("{FAE04EC0-301F-11D3-BF4B-00C04F79EFBC}") = "SocketListener", "SocketListener\SocketListener.csproj", "{4782AB9D-ACBA-4C2F-BF06-59C282F84207}"
EndProject
Project("{FAE04EC0-301F-11D3-BF4B-00C04F79EFBC}") = "Tester", "Tester\Tester.csproj", "{52E5479F-6F73-4246-AE82-9B117F7D5F10}"
EndProject
Global
	GlobalSection(SolutionConfigurationPlatforms) = preSolution
		Debug|Any CPU = Debug|Any CPU
		Release|Any CPU = Release|Any CPU
	EndGlobalSection
	GlobalSection(ProjectConfigurationPlatforms) = postSolution
		{F4B66993-7E79-42EF-8E57-F60B30D72B64}.Debug|Any CPU.ActiveCfg = Debug|Any CPU
		{F4B66993-7E79-42EF-8E57-F60B30D72B64}.Debug|Any CPU.Build.0 = Debug|Any CPU
		{F4B66993-7E79-42EF-8E57-F60B30D72B64}.Release|Any CPU.ActiveCfg = Release|Any CPU
		{F4B66993-7E79-42EF-8E57-F60B30D72B64}.Release|Any CPU.Build.0 = Release|Any CPU
		{4782AB9D-ACBA-4C2F-BF06-59C282F84207}.Debug|Any CPU.ActiveCfg = Debug|Any CPU
		{4782AB9D-ACBA-4C2F-BF06-59C282F84207}.Debug|Any CPU.Build.0 = Debug|Any CPU
		{4782AB9D-ACBA-4C2F-BF06-59C282F84207}.Release|Any CPU.ActiveCfg = Release|Any CPU
		{4782AB9D-ACBA-4C2F-BF06-59C282F84207}.Release|Any CPU.Build.0 = Release|Any CPU
		{52E5479F-6F73-4246-AE82-9B117F7D5F10}.Debug|Any CPU.ActiveCfg = Debug|Any CPU
		{52E5479F-6F73-4246-AE82-9B117F7D5F10}.Debug|Any CPU.Build.0 = Debug|Any CPU
		{52E5479F-6F73-4246-AE82-9B117F7D5F10}.Release|Any CPU.ActiveCfg = Release|Any CPU
		{52E5479F-6F73-4246-AE82-9B117F7D5F10}.Release|Any CPU.Build.0 = Release|Any CPU
	EndGlobalSection
	GlobalSection(SolutionProperties) = preSolution
		HideSolutionNode = FALSE
	EndGlobalSection
EndGlobal
