
Microsoft Visual Studio Solution File, Format Version 9.00
# Visual Studio 2005
Project("{E24C65DC-7377-472B-9ABA-BC803B73C61A}") = "C:\...\PegPayCoreBanking\", "C:\Users\nkasozi\Documents\Visual Studio 2005\Projects\PegPayCoreBanking_1\PegPayCoreBanking", "{CBE965D2-BC7F-405F-8FE5-707D164808B8}"
	ProjectSection(WebsiteProperties) = preProject
		ProjectReferences = "{0D50AF8E-C216-4E88-80CD-04E73A8816B9}|CoreBankingLogic.dll;"
		Debug.AspNetCompiler.VirtualPath = "/PegPayCoreBanking"
		Debug.AspNetCompiler.PhysicalPath = "C:\Users\nkasozi\Documents\Visual Studio 2005\Projects\PegPayCoreBanking_1\PegPayCoreBanking"
		Debug.AspNetCompiler.TargetPath = "PrecompiledWeb\PegPayCoreBanking\"
		Debug.AspNetCompiler.Updateable = "true"
		Debug.AspNetCompiler.ForceOverwrite = "true"
		Debug.AspNetCompiler.FixedNames = "false"
		Debug.AspNetCompiler.Debug = "True"
		Release.AspNetCompiler.VirtualPath = "/PegPayCoreBanking"
		Release.AspNetCompiler.PhysicalPath = "C:\Users\nkasozi\Documents\Visual Studio 2005\Projects\PegPayCoreBanking_1\PegPayCoreBanking"
		Release.AspNetCompiler.TargetPath = "PrecompiledWeb\PegPayCoreBanking\"
		Release.AspNetCompiler.Updateable = "true"
		Release.AspNetCompiler.ForceOverwrite = "true"
		Release.AspNetCompiler.FixedNames = "false"
		Release.AspNetCompiler.Debug = "False"
		VWDPort = "64020"
		DefaultWebSiteLanguage = "Visual C#"
	EndProjectSection
EndProject
Project("{FAE04EC0-301F-11D3-BF4B-00C04F79EFBC}") = "CoreBankingLogic", "CoreBankingLogic\CoreBankingLogic.csproj", "{0D50AF8E-C216-4E88-80CD-04E73A8816B9}"
EndProject
Global
	GlobalSection(SolutionConfigurationPlatforms) = preSolution
		Debug|.NET = Debug|.NET
		Debug|Any CPU = Debug|Any CPU
		Debug|Mixed Platforms = Debug|Mixed Platforms
		Release|.NET = Release|.NET
		Release|Any CPU = Release|Any CPU
		Release|Mixed Platforms = Release|Mixed Platforms
	EndGlobalSection
	GlobalSection(ProjectConfigurationPlatforms) = postSolution
		{CBE965D2-BC7F-405F-8FE5-707D164808B8}.Debug|.NET.ActiveCfg = Debug|.NET
		{CBE965D2-BC7F-405F-8FE5-707D164808B8}.Debug|.NET.Build.0 = Debug|.NET
		{CBE965D2-BC7F-405F-8FE5-707D164808B8}.Debug|Any CPU.ActiveCfg = Debug|.NET
		{CBE965D2-BC7F-405F-8FE5-707D164808B8}.Debug|Mixed Platforms.ActiveCfg = Debug|.NET
		{CBE965D2-BC7F-405F-8FE5-707D164808B8}.Debug|Mixed Platforms.Build.0 = Debug|.NET
		{CBE965D2-BC7F-405F-8FE5-707D164808B8}.Release|.NET.ActiveCfg = Debug|.NET
		{CBE965D2-BC7F-405F-8FE5-707D164808B8}.Release|.NET.Build.0 = Debug|.NET
		{CBE965D2-BC7F-405F-8FE5-707D164808B8}.Release|Any CPU.ActiveCfg = Debug|.NET
		{CBE965D2-BC7F-405F-8FE5-707D164808B8}.Release|Mixed Platforms.ActiveCfg = Debug|.NET
		{CBE965D2-BC7F-405F-8FE5-707D164808B8}.Release|Mixed Platforms.Build.0 = Debug|.NET
		{0D50AF8E-C216-4E88-80CD-04E73A8816B9}.Debug|.NET.ActiveCfg = Debug|Any CPU
		{0D50AF8E-C216-4E88-80CD-04E73A8816B9}.Debug|Any CPU.ActiveCfg = Debug|Any CPU
		{0D50AF8E-C216-4E88-80CD-04E73A8816B9}.Debug|Any CPU.Build.0 = Debug|Any CPU
		{0D50AF8E-C216-4E88-80CD-04E73A8816B9}.Debug|Mixed Platforms.ActiveCfg = Debug|Any CPU
		{0D50AF8E-C216-4E88-80CD-04E73A8816B9}.Debug|Mixed Platforms.Build.0 = Debug|Any CPU
		{0D50AF8E-C216-4E88-80CD-04E73A8816B9}.Release|.NET.ActiveCfg = Release|Any CPU
		{0D50AF8E-C216-4E88-80CD-04E73A8816B9}.Release|Any CPU.ActiveCfg = Release|Any CPU
		{0D50AF8E-C216-4E88-80CD-04E73A8816B9}.Release|Any CPU.Build.0 = Release|Any CPU
		{0D50AF8E-C216-4E88-80CD-04E73A8816B9}.Release|Mixed Platforms.ActiveCfg = Release|Any CPU
		{0D50AF8E-C216-4E88-80CD-04E73A8816B9}.Release|Mixed Platforms.Build.0 = Release|Any CPU
	EndGlobalSection
	GlobalSection(SolutionProperties) = preSolution
		HideSolutionNode = FALSE
	EndGlobalSection
EndGlobal
